
Microsoft Visual Studio Solution File, Format Version 12.00
# Visual Studio Version 16
VisualStudioVersion = 16.0.31702.278
MinimumVisualStudioVersion = 10.0.40219.1
Project("{FAE04EC0-301F-11D3-BF4B-00C04F79EFBC}") = "ExercicioContract", "ExercicioContract\ExercicioContract.csproj", "{FD5F51C0-1074-4BCE-B1B1-DB10E81C537D}"
EndProject
Global
	GlobalSection(SolutionConfigurationPlatforms) = preSolution
		Debug|Any CPU = Debug|Any CPU
		Release|Any CPU = Release|Any CPU
	EndGlobalSection
	GlobalSection(ProjectConfigurationPlatforms) = postSolution
		{FD5F51C0-1074-4BCE-B1B1-DB10E81C537D}.Debug|Any CPU.ActiveCfg = Debug|Any CPU
		{FD5F51C0-1074-4BCE-B1B1-DB10E81C537D}.Debug|Any CPU.Build.0 = Debug|Any CPU
		{FD5F51C0-1074-4BCE-B1B1-DB10E81C537D}.Release|Any CPU.ActiveCfg = Release|Any CPU
		{FD5F51C0-1074-4BCE-B1B1-DB10E81C537D}.Release|Any CPU.Build.0 = Release|Any CPU
	EndGlobalSection
	GlobalSection(SolutionProperties) = preSolution
		HideSolutionNode = FALSE
	EndGlobalSection
	GlobalSection(ExtensibilityGlobals) = postSolution
		SolutionGuid = {C2C697DC-C5ED-4274-A8C8-89777076C391}
	EndGlobalSection
EndGlobal
